
Microsoft Visual Studio Solution File, Format Version 12.00
# Visual Studio Version 17
VisualStudioVersion = 17.4.33403.182
MinimumVisualStudioVersion = 10.0.40219.1
Project("{9A19103F-16F7-4668-BE54-9A1E7A4F7556}") = "PaperboundAPI", "PaperboundAPI\PaperboundAPI.csproj", "{439046AB-B523-45B4-AAF3-9F8418EC833B}"
EndProject
Global
	GlobalSection(SolutionConfigurationPlatforms) = preSolution
		Debug|Any CPU = Debug|Any CPU
		Release|Any CPU = Release|Any CPU
	EndGlobalSection
	GlobalSection(ProjectConfigurationPlatforms) = postSolution
		{439046AB-B523-45B4-AAF3-9F8418EC833B}.Debug|Any CPU.ActiveCfg = Debug|Any CPU
		{439046AB-B523-45B4-AAF3-9F8418EC833B}.Debug|Any CPU.Build.0 = Debug|Any CPU
		{439046AB-B523-45B4-AAF3-9F8418EC833B}.Release|Any CPU.ActiveCfg = Release|Any CPU
		{439046AB-B523-45B4-AAF3-9F8418EC833B}.Release|Any CPU.Build.0 = Release|Any CPU
	EndGlobalSection
	GlobalSection(SolutionProperties) = preSolution
		HideSolutionNode = FALSE
	EndGlobalSection
	GlobalSection(ExtensibilityGlobals) = postSolution
		SolutionGuid = {CC804F5E-A551-4629-BE93-E549F9BEC008}
	EndGlobalSection
EndGlobal
